// !$*UTF8*$!
{
	archiveVersion = 1;
	classes = {
	};
	objectVersion = 46;
	objects = {

/* Begin PBXBuildFile section */
		951A9FF955BEBF97DA2EB4D2 /* Pods_Suggestion.framework in Frameworks */ = {isa = PBXBuildFile; fileRef = B21BBB298C50A371FB7D971A /* Pods_Suggestion.framework */; };
		BD1426741CE3A279001007A0 /* Track_TVCell.m in Sources */ = {isa = PBXBuildFile; fileRef = BD1426731CE3A279001007A0 /* Track_TVCell.m */; };
		BD14A0491CEF46A2002A3D26 /* Libraries_TVC.m in Sources */ = {isa = PBXBuildFile; fileRef = BD14A0481CEF46A2002A3D26 /* Libraries_TVC.m */; };
		BD14A04B1CEF4B5A002A3D26 /* SafariServices.framework in Frameworks */ = {isa = PBXBuildFile; fileRef = BD14A04A1CEF4B5A002A3D26 /* SafariServices.framework */; };
		BD4BDD211CD7F07B00C94FAF /* main.m in Sources */ = {isa = PBXBuildFile; fileRef = BD4BDD201CD7F07B00C94FAF /* main.m */; };
		BD4BDD241CD7F07B00C94FAF /* AppDelegate.m in Sources */ = {isa = PBXBuildFile; fileRef = BD4BDD231CD7F07B00C94FAF /* AppDelegate.m */; };
		BD4BDD271CD7F07B00C94FAF /* Authentication_VC.m in Sources */ = {isa = PBXBuildFile; fileRef = BD4BDD261CD7F07B00C94FAF /* Authentication_VC.m */; };
		BD4BDD2A1CD7F07B00C94FAF /* Main.storyboard in Resources */ = {isa = PBXBuildFile; fileRef = BD4BDD281CD7F07B00C94FAF /* Main.storyboard */; };
		BD4BDD2F1CD7F07B00C94FAF /* Assets.xcassets in Resources */ = {isa = PBXBuildFile; fileRef = BD4BDD2E1CD7F07B00C94FAF /* Assets.xcassets */; };
		BD4BDD321CD7F07B00C94FAF /* LaunchScreen.storyboard in Resources */ = {isa = PBXBuildFile; fileRef = BD4BDD301CD7F07B00C94FAF /* LaunchScreen.storyboard */; };
		BD4BDD3B1CD7F1A600C94FAF /* JGSpotify.m in Sources */ = {isa = PBXBuildFile; fileRef = BD4BDD3A1CD7F1A600C94FAF /* JGSpotify.m */; };
		BD4BDD3E1CD804D100C94FAF /* JGSpotifyVerbs.m in Sources */ = {isa = PBXBuildFile; fileRef = BD4BDD3D1CD804D100C94FAF /* JGSpotifyVerbs.m */; };
		BD4BDD411CD80A1200C94FAF /* JGSpotifyAuthorize_VC.m in Sources */ = {isa = PBXBuildFile; fileRef = BD4BDD401CD80A1200C94FAF /* JGSpotifyAuthorize_VC.m */; };
		BDAB73B91CEE66E200D7F04D /* Artists_TVC.m in Sources */ = {isa = PBXBuildFile; fileRef = BDAB73B81CEE66E200D7F04D /* Artists_TVC.m */; };
		BDAB73BC1CEE6D5700D7F04D /* Artists_TVCell.m in Sources */ = {isa = PBXBuildFile; fileRef = BDAB73BB1CEE6D5700D7F04D /* Artists_TVCell.m */; };
		BDAB73BF1CEE847900D7F04D /* NewReleases_TVC.m in Sources */ = {isa = PBXBuildFile; fileRef = BDAB73BE1CEE847900D7F04D /* NewReleases_TVC.m */; };
		BDAB73C21CEE8EC500D7F04D /* NewReleases_TVCell.m in Sources */ = {isa = PBXBuildFile; fileRef = BDAB73C11CEE8EC500D7F04D /* NewReleases_TVCell.m */; };
		BDD2C9CE1CEEAC8600FE8E90 /* Settings_TVC.m in Sources */ = {isa = PBXBuildFile; fileRef = BDD2C9CD1CEEAC8600FE8E90 /* Settings_TVC.m */; };
		BDD2C9D11CEEB24800FE8E90 /* JGStyles.m in Sources */ = {isa = PBXBuildFile; fileRef = BDD2C9D01CEEB24800FE8E90 /* JGStyles.m */; };
		BDF19D901CE295A8009B0C0A /* Tracks_TVC.m in Sources */ = {isa = PBXBuildFile; fileRef = BDF19D8F1CE295A8009B0C0A /* Tracks_TVC.m */; };
/* End PBXBuildFile section */

/* Begin PBXFileReference section */
		3AD8A8617104B3B0F569FA4E /* Pods-Suggestion.release.xcconfig */ = {isa = PBXFileReference; includeInIndex = 1; lastKnownFileType = text.xcconfig; name = "Pods-Suggestion.release.xcconfig"; path = "Pods/Target Support Files/Pods-Suggestion/Pods-Suggestion.release.xcconfig"; sourceTree = "<group>"; };
		780DE16A37AEA60E75109A23 /* Pods-Suggestion.debug.xcconfig */ = {isa = PBXFileReference; includeInIndex = 1; lastKnownFileType = text.xcconfig; name = "Pods-Suggestion.debug.xcconfig"; path = "Pods/Target Support Files/Pods-Suggestion/Pods-Suggestion.debug.xcconfig"; sourceTree = "<group>"; };
		B21BBB298C50A371FB7D971A /* Pods_Suggestion.framework */ = {isa = PBXFileReference; explicitFileType = wrapper.framework; includeInIndex = 0; path = Pods_Suggestion.framework; sourceTree = BUILT_PRODUCTS_DIR; };
		BD1426721CE3A279001007A0 /* Track_TVCell.h */ = {isa = PBXFileReference; fileEncoding = 4; lastKnownFileType = sourcecode.c.h; path = Track_TVCell.h; sourceTree = "<group>"; };
		BD1426731CE3A279001007A0 /* Track_TVCell.m */ = {isa = PBXFileReference; fileEncoding = 4; lastKnownFileType = sourcecode.c.objc; path = Track_TVCell.m; sourceTree = "<group>"; };
		BD14A0471CEF46A2002A3D26 /* Libraries_TVC.h */ = {isa = PBXFileReference; fileEncoding = 4; lastKnownFileType = sourcecode.c.h; path = Libraries_TVC.h; sourceTree = "<group>"; };
		BD14A0481CEF46A2002A3D26 /* Libraries_TVC.m */ = {isa = PBXFileReference; fileEncoding = 4; lastKnownFileType = sourcecode.c.objc; path = Libraries_TVC.m; sourceTree = "<group>"; };
		BD14A04A1CEF4B5A002A3D26 /* SafariServices.framework */ = {isa = PBXFileReference; lastKnownFileType = wrapper.framework; name = SafariServices.framework; path = System/Library/Frameworks/SafariServices.framework; sourceTree = SDKROOT; };
		BD4BDD1C1CD7F07B00C94FAF /* Suggestion.app */ = {isa = PBXFileReference; explicitFileType = wrapper.application; includeInIndex = 0; path = Suggestion.app; sourceTree = BUILT_PRODUCTS_DIR; };
		BD4BDD201CD7F07B00C94FAF /* main.m */ = {isa = PBXFileReference; lastKnownFileType = sourcecode.c.objc; path = main.m; sourceTree = "<group>"; };
		BD4BDD221CD7F07B00C94FAF /* AppDelegate.h */ = {isa = PBXFileReference; lastKnownFileType = sourcecode.c.h; path = AppDelegate.h; sourceTree = "<group>"; };
		BD4BDD231CD7F07B00C94FAF /* AppDelegate.m */ = {isa = PBXFileReference; lastKnownFileType = sourcecode.c.objc; path = AppDelegate.m; sourceTree = "<group>"; };
		BD4BDD251CD7F07B00C94FAF /* Authentication_VC.h */ = {isa = PBXFileReference; lastKnownFileType = sourcecode.c.h; path = Authentication_VC.h; sourceTree = "<group>"; };
		BD4BDD261CD7F07B00C94FAF /* Authentication_VC.m */ = {isa = PBXFileReference; lastKnownFileType = sourcecode.c.objc; path = Authentication_VC.m; sourceTree = "<group>"; };
		BD4BDD291CD7F07B00C94FAF /* Base */ = {isa = PBXFileReference; lastKnownFileType = file.storyboard; name = Base; path = Base.lproj/Main.storyboard; sourceTree = "<group>"; };
		BD4BDD2E1CD7F07B00C94FAF /* Assets.xcassets */ = {isa = PBXFileReference; lastKnownFileType = folder.assetcatalog; path = Assets.xcassets; sourceTree = "<group>"; };
		BD4BDD311CD7F07B00C94FAF /* Base */ = {isa = PBXFileReference; lastKnownFileType = file.storyboard; name = Base; path = Base.lproj/LaunchScreen.storyboard; sourceTree = "<group>"; };
		BD4BDD331CD7F07B00C94FAF /* Info.plist */ = {isa = PBXFileReference; lastKnownFileType = text.plist.xml; path = Info.plist; sourceTree = "<group>"; };
		BD4BDD391CD7F1A600C94FAF /* JGSpotify.h */ = {isa = PBXFileReference; fileEncoding = 4; lastKnownFileType = sourcecode.c.h; path = JGSpotify.h; sourceTree = "<group>"; };
		BD4BDD3A1CD7F1A600C94FAF /* JGSpotify.m */ = {isa = PBXFileReference; fileEncoding = 4; lastKnownFileType = sourcecode.c.objc; path = JGSpotify.m; sourceTree = "<group>"; };
		BD4BDD3C1CD804D100C94FAF /* JGSpotifyVerbs.h */ = {isa = PBXFileReference; fileEncoding = 4; lastKnownFileType = sourcecode.c.h; path = JGSpotifyVerbs.h; sourceTree = "<group>"; };
		BD4BDD3D1CD804D100C94FAF /* JGSpotifyVerbs.m */ = {isa = PBXFileReference; fileEncoding = 4; lastKnownFileType = sourcecode.c.objc; path = JGSpotifyVerbs.m; sourceTree = "<group>"; };
		BD4BDD3F1CD80A1200C94FAF /* JGSpotifyAuthorize_VC.h */ = {isa = PBXFileReference; fileEncoding = 4; lastKnownFileType = sourcecode.c.h; path = JGSpotifyAuthorize_VC.h; sourceTree = "<group>"; };
		BD4BDD401CD80A1200C94FAF /* JGSpotifyAuthorize_VC.m */ = {isa = PBXFileReference; fileEncoding = 4; lastKnownFileType = sourcecode.c.objc; path = JGSpotifyAuthorize_VC.m; sourceTree = "<group>"; };
		BDAB73B71CEE66E200D7F04D /* Artists_TVC.h */ = {isa = PBXFileReference; fileEncoding = 4; lastKnownFileType = sourcecode.c.h; path = Artists_TVC.h; sourceTree = "<group>"; };
		BDAB73B81CEE66E200D7F04D /* Artists_TVC.m */ = {isa = PBXFileReference; fileEncoding = 4; lastKnownFileType = sourcecode.c.objc; path = Artists_TVC.m; sourceTree = "<group>"; };
		BDAB73BA1CEE6D5700D7F04D /* Artists_TVCell.h */ = {isa = PBXFileReference; fileEncoding = 4; lastKnownFileType = sourcecode.c.h; path = Artists_TVCell.h; sourceTree = "<group>"; };
		BDAB73BB1CEE6D5700D7F04D /* Artists_TVCell.m */ = {isa = PBXFileReference; fileEncoding = 4; lastKnownFileType = sourcecode.c.objc; path = Artists_TVCell.m; sourceTree = "<group>"; };
		BDAB73BD1CEE847900D7F04D /* NewReleases_TVC.h */ = {isa = PBXFileReference; fileEncoding = 4; lastKnownFileType = sourcecode.c.h; path = NewReleases_TVC.h; sourceTree = "<group>"; };
		BDAB73BE1CEE847900D7F04D /* NewReleases_TVC.m */ = {isa = PBXFileReference; fileEncoding = 4; lastKnownFileType = sourcecode.c.objc; path = NewReleases_TVC.m; sourceTree = "<group>"; };
		BDAB73C01CEE8EC500D7F04D /* NewReleases_TVCell.h */ = {isa = PBXFileReference; fileEncoding = 4; lastKnownFileType = sourcecode.c.h; path = NewReleases_TVCell.h; sourceTree = "<group>"; };
		BDAB73C11CEE8EC500D7F04D /* NewReleases_TVCell.m */ = {isa = PBXFileReference; fileEncoding = 4; lastKnownFileType = sourcecode.c.objc; path = NewReleases_TVCell.m; sourceTree = "<group>"; };
		BDD2C9CC1CEEAC8600FE8E90 /* Settings_TVC.h */ = {isa = PBXFileReference; fileEncoding = 4; lastKnownFileType = sourcecode.c.h; path = Settings_TVC.h; sourceTree = "<group>"; };
		BDD2C9CD1CEEAC8600FE8E90 /* Settings_TVC.m */ = {isa = PBXFileReference; fileEncoding = 4; lastKnownFileType = sourcecode.c.objc; path = Settings_TVC.m; sourceTree = "<group>"; };
		BDD2C9CF1CEEB24800FE8E90 /* JGStyles.h */ = {isa = PBXFileReference; fileEncoding = 4; lastKnownFileType = sourcecode.c.h; path = JGStyles.h; sourceTree = "<group>"; };
		BDD2C9D01CEEB24800FE8E90 /* JGStyles.m */ = {isa = PBXFileReference; fileEncoding = 4; lastKnownFileType = sourcecode.c.objc; path = JGStyles.m; sourceTree = "<group>"; };
		BDEC5C281CF0DC4D005D084F /* Constants.h */ = {isa = PBXFileReference; fileEncoding = 4; lastKnownFileType = sourcecode.c.h; path = Constants.h; sourceTree = "<group>"; };
		BDF19D8E1CE295A8009B0C0A /* Tracks_TVC.h */ = {isa = PBXFileReference; fileEncoding = 4; lastKnownFileType = sourcecode.c.h; path = Tracks_TVC.h; sourceTree = "<group>"; };
		BDF19D8F1CE295A8009B0C0A /* Tracks_TVC.m */ = {isa = PBXFileReference; fileEncoding = 4; lastKnownFileType = sourcecode.c.objc; path = Tracks_TVC.m; sourceTree = "<group>"; };
/* End PBXFileReference section */

/* Begin PBXFrameworksBuildPhase section */
		BD4BDD191CD7F07B00C94FAF /* Frameworks */ = {
			isa = PBXFrameworksBuildPhase;
			buildActionMask = 2147483647;
			files = (
				BD14A04B1CEF4B5A002A3D26 /* SafariServices.framework in Frameworks */,
				951A9FF955BEBF97DA2EB4D2 /* Pods_Suggestion.framework in Frameworks */,
			);
			runOnlyForDeploymentPostprocessing = 0;
		};
/* End PBXFrameworksBuildPhase section */

/* Begin PBXGroup section */
		3888D411A796E3C82DDAA51B /* Pods */ = {
			isa = PBXGroup;
			children = (
				780DE16A37AEA60E75109A23 /* Pods-Suggestion.debug.xcconfig */,
				3AD8A8617104B3B0F569FA4E /* Pods-Suggestion.release.xcconfig */,
			);
			name = Pods;
			sourceTree = "<group>";
		};
		BD0CD0FF1CEE464900F3AF53 /* Artists */ = {
			isa = PBXGroup;
			children = (
				BDAB73B71CEE66E200D7F04D /* Artists_TVC.h */,
				BDAB73B81CEE66E200D7F04D /* Artists_TVC.m */,
				BDAB73BA1CEE6D5700D7F04D /* Artists_TVCell.h */,
				BDAB73BB1CEE6D5700D7F04D /* Artists_TVCell.m */,
			);
			name = Artists;
			sourceTree = "<group>";
		};
		BD0CD1001CEE465100F3AF53 /* New Releases */ = {
			isa = PBXGroup;
			children = (
				BDAB73BD1CEE847900D7F04D /* NewReleases_TVC.h */,
				BDAB73BE1CEE847900D7F04D /* NewReleases_TVC.m */,
				BDAB73C01CEE8EC500D7F04D /* NewReleases_TVCell.h */,
				BDAB73C11CEE8EC500D7F04D /* NewReleases_TVCell.m */,
			);
			name = "New Releases";
			sourceTree = "<group>";
		};
		BD0CD1011CEE466500F3AF53 /* Authentication */ = {
			isa = PBXGroup;
			children = (
				BD4BDD251CD7F07B00C94FAF /* Authentication_VC.h */,
				BD4BDD261CD7F07B00C94FAF /* Authentication_VC.m */,
			);
			name = Authentication;
			sourceTree = "<group>";
		};
		BD1426761CE3A285001007A0 /* Tracks */ = {
			isa = PBXGroup;
			children = (
				BDF19D8E1CE295A8009B0C0A /* Tracks_TVC.h */,
				BDF19D8F1CE295A8009B0C0A /* Tracks_TVC.m */,
				BD1426721CE3A279001007A0 /* Track_TVCell.h */,
				BD1426731CE3A279001007A0 /* Track_TVCell.m */,
			);
			name = Tracks;
			sourceTree = "<group>";
		};
		BD14A0461CEF466A002A3D26 /* Libraries */ = {
			isa = PBXGroup;
			children = (
				BD14A0471CEF46A2002A3D26 /* Libraries_TVC.h */,
				BD14A0481CEF46A2002A3D26 /* Libraries_TVC.m */,
			);
			name = Libraries;
			sourceTree = "<group>";
		};
		BD4BDD131CD7F07B00C94FAF = {
			isa = PBXGroup;
			children = (
				BD4BDD1E1CD7F07B00C94FAF /* Suggestion */,
				BD4BDD1D1CD7F07B00C94FAF /* Products */,
				3888D411A796E3C82DDAA51B /* Pods */,
				D61128D483A5D07D0EB2CE46 /* Frameworks */,
			);
			sourceTree = "<group>";
		};
		BD4BDD1D1CD7F07B00C94FAF /* Products */ = {
			isa = PBXGroup;
			children = (
				BD4BDD1C1CD7F07B00C94FAF /* Suggestion.app */,
			);
			name = Products;
			sourceTree = "<group>";
		};
		BD4BDD1E1CD7F07B00C94FAF /* Suggestion */ = {
			isa = PBXGroup;
			children = (
				BDB6A3391CE433DD00C5B1C5 /* JGSpotify */,
				BDD2C9D21CEEB26C00FE8E90 /* JGStyles */,
				BD0CD1011CEE466500F3AF53 /* Authentication */,
				BD0CD0FF1CEE464900F3AF53 /* Artists */,
				BD0CD1001CEE465100F3AF53 /* New Releases */,
				BD14A0461CEF466A002A3D26 /* Libraries */,
				BDD2C9CB1CEEAC5A00FE8E90 /* Settings */,
				BD1426761CE3A285001007A0 /* Tracks */,
				BDEC5C281CF0DC4D005D084F /* Constants.h */,
				BD4BDD281CD7F07B00C94FAF /* Main.storyboard */,
				BD4BDD301CD7F07B00C94FAF /* LaunchScreen.storyboard */,
				BD4BDD1F1CD7F07B00C94FAF /* Supporting Files */,
			);
			path = Suggestion;
			sourceTree = "<group>";
		};
		BD4BDD1F1CD7F07B00C94FAF /* Supporting Files */ = {
			isa = PBXGroup;
			children = (
				BD4BDD221CD7F07B00C94FAF /* AppDelegate.h */,
				BD4BDD231CD7F07B00C94FAF /* AppDelegate.m */,
				BD4BDD2E1CD7F07B00C94FAF /* Assets.xcassets */,
				BD4BDD331CD7F07B00C94FAF /* Info.plist */,
				BD4BDD201CD7F07B00C94FAF /* main.m */,
			);
			name = "Supporting Files";
			sourceTree = "<group>";
		};
		BDB6A3391CE433DD00C5B1C5 /* JGSpotify */ = {
			isa = PBXGroup;
			children = (
				BD4BDD391CD7F1A600C94FAF /* JGSpotify.h */,
				BD4BDD3A1CD7F1A600C94FAF /* JGSpotify.m */,
				BD4BDD3C1CD804D100C94FAF /* JGSpotifyVerbs.h */,
				BD4BDD3D1CD804D100C94FAF /* JGSpotifyVerbs.m */,
				BD4BDD3F1CD80A1200C94FAF /* JGSpotifyAuthorize_VC.h */,
				BD4BDD401CD80A1200C94FAF /* JGSpotifyAuthorize_VC.m */,
			);
			name = JGSpotify;
			sourceTree = "<group>";
		};
		BDD2C9CB1CEEAC5A00FE8E90 /* Settings */ = {
			isa = PBXGroup;
			children = (
				BDD2C9CC1CEEAC8600FE8E90 /* Settings_TVC.h */,
				BDD2C9CD1CEEAC8600FE8E90 /* Settings_TVC.m */,
			);
			name = Settings;
			sourceTree = "<group>";
		};
		BDD2C9D21CEEB26C00FE8E90 /* JGStyles */ = {
			isa = PBXGroup;
			children = (
				BDD2C9CF1CEEB24800FE8E90 /* JGStyles.h */,
				BDD2C9D01CEEB24800FE8E90 /* JGStyles.m */,
			);
			name = JGStyles;
			sourceTree = "<group>";
		};
		D61128D483A5D07D0EB2CE46 /* Frameworks */ = {
			isa = PBXGroup;
			children = (
				BD14A04A1CEF4B5A002A3D26 /* SafariServices.framework */,
				B21BBB298C50A371FB7D971A /* Pods_Suggestion.framework */,
			);
			name = Frameworks;
			sourceTree = "<group>";
		};
/* End PBXGroup section */

/* Begin PBXNativeTarget section */
		BD4BDD1B1CD7F07B00C94FAF /* Suggestion */ = {
			isa = PBXNativeTarget;
			buildConfigurationList = BD4BDD361CD7F07B00C94FAF /* Build configuration list for PBXNativeTarget "Suggestion" */;
			buildPhases = (
				1573DB87E719FA161E0A07B2 /* Check Pods Manifest.lock */,
				BD4BDD181CD7F07B00C94FAF /* Sources */,
				BD4BDD191CD7F07B00C94FAF /* Frameworks */,
				BD4BDD1A1CD7F07B00C94FAF /* Resources */,
				3F120BB99BB257B2519825E9 /* Embed Pods Frameworks */,
				8DCFCB582DF87E93EF737996 /* Copy Pods Resources */,
			);
			buildRules = (
			);
			dependencies = (
			);
			name = Suggestion;
			productName = Suggestion;
			productReference = BD4BDD1C1CD7F07B00C94FAF /* Suggestion.app */;
			productType = "com.apple.product-type.application";
		};
/* End PBXNativeTarget section */

/* Begin PBXProject section */
		BD4BDD141CD7F07B00C94FAF /* Project object */ = {
			isa = PBXProject;
			attributes = {
				LastUpgradeCheck = 0730;
				ORGANIZATIONNAME = "Jose Antonio Gonzalez";
				TargetAttributes = {
					BD4BDD1B1CD7F07B00C94FAF = {
						CreatedOnToolsVersion = 7.3;
						DevelopmentTeam = A5FA6J6LJY;
					};
				};
			};
			buildConfigurationList = BD4BDD171CD7F07B00C94FAF /* Build configuration list for PBXProject "Suggestion" */;
			compatibilityVersion = "Xcode 3.2";
			developmentRegion = English;
			hasScannedForEncodings = 0;
			knownRegions = (
				en,
				Base,
			);
			mainGroup = BD4BDD131CD7F07B00C94FAF;
			productRefGroup = BD4BDD1D1CD7F07B00C94FAF /* Products */;
			projectDirPath = "";
			projectRoot = "";
			targets = (
				BD4BDD1B1CD7F07B00C94FAF /* Suggestion */,
			);
		};
/* End PBXProject section */

/* Begin PBXResourcesBuildPhase section */
		BD4BDD1A1CD7F07B00C94FAF /* Resources */ = {
			isa = PBXResourcesBuildPhase;
			buildActionMask = 2147483647;
			files = (
				BD4BDD321CD7F07B00C94FAF /* LaunchScreen.storyboard in Resources */,
				BD4BDD2F1CD7F07B00C94FAF /* Assets.xcassets in Resources */,
				BD4BDD2A1CD7F07B00C94FAF /* Main.storyboard in Resources */,
			);
			runOnlyForDeploymentPostprocessing = 0;
		};
/* End PBXResourcesBuildPhase section */

/* Begin PBXShellScriptBuildPhase section */
		1573DB87E719FA161E0A07B2 /* Check Pods Manifest.lock */ = {
			isa = PBXShellScriptBuildPhase;
			buildActionMask = 2147483647;
			files = (
			);
			inputPaths = (
			);
			name = "Check Pods Manifest.lock";
			outputPaths = (
			);
			runOnlyForDeploymentPostprocessing = 0;
			shellPath = /bin/sh;
			shellScript = "diff \"${PODS_ROOT}/../Podfile.lock\" \"${PODS_ROOT}/Manifest.lock\" > /dev/null\nif [[ $? != 0 ]] ; then\n    cat << EOM\nerror: The sandbox is not in sync with the Podfile.lock. Run 'pod install' or update your CocoaPods installation.\nEOM\n    exit 1\nfi\n";
			showEnvVarsInLog = 0;
		};
		3F120BB99BB257B2519825E9 /* Embed Pods Frameworks */ = {
			isa = PBXShellScriptBuildPhase;
			buildActionMask = 2147483647;
			files = (
			);
			inputPaths = (
			);
			name = "Embed Pods Frameworks";
			outputPaths = (
			);
			runOnlyForDeploymentPostprocessing = 0;
			shellPath = /bin/sh;
			shellScript = "\"${SRCROOT}/Pods/Target Support Files/Pods-Suggestion/Pods-Suggestion-frameworks.sh\"\n";
			showEnvVarsInLog = 0;
		};
		8DCFCB582DF87E93EF737996 /* Copy Pods Resources */ = {
			isa = PBXShellScriptBuildPhase;
			buildActionMask = 2147483647;
			files = (
			);
			inputPaths = (
			);
			name = "Copy Pods Resources";
			outputPaths = (
			);
			runOnlyForDeploymentPostprocessing = 0;
			shellPath = /bin/sh;
			shellScript = "\"${SRCROOT}/Pods/Target Support Files/Pods-Suggestion/Pods-Suggestion-resources.sh\"\n";
			showEnvVarsInLog = 0;
		};
/* End PBXShellScriptBuildPhase section */

/* Begin PBXSourcesBuildPhase section */
		BD4BDD181CD7F07B00C94FAF /* Sources */ = {
			isa = PBXSourcesBuildPhase;
			buildActionMask = 2147483647;
			files = (
				BD4BDD411CD80A1200C94FAF /* JGSpotifyAuthorize_VC.m in Sources */,
				BDAB73BC1CEE6D5700D7F04D /* Artists_TVCell.m in Sources */,
				BDAB73BF1CEE847900D7F04D /* NewReleases_TVC.m in Sources */,
				BD4BDD271CD7F07B00C94FAF /* Authentication_VC.m in Sources */,
				BDAB73C21CEE8EC500D7F04D /* NewReleases_TVCell.m in Sources */,
				BDD2C9D11CEEB24800FE8E90 /* JGStyles.m in Sources */,
				BD4BDD241CD7F07B00C94FAF /* AppDelegate.m in Sources */,
				BD4BDD211CD7F07B00C94FAF /* main.m in Sources */,
				BDAB73B91CEE66E200D7F04D /* Artists_TVC.m in Sources */,
				BD4BDD3E1CD804D100C94FAF /* JGSpotifyVerbs.m in Sources */,
				BD14A0491CEF46A2002A3D26 /* Libraries_TVC.m in Sources */,
				BD4BDD3B1CD7F1A600C94FAF /* JGSpotify.m in Sources */,
				BDF19D901CE295A8009B0C0A /* Tracks_TVC.m in Sources */,
				BDD2C9CE1CEEAC8600FE8E90 /* Settings_TVC.m in Sources */,
				BD1426741CE3A279001007A0 /* Track_TVCell.m in Sources */,
			);
			runOnlyForDeploymentPostprocessing = 0;
		};
/* End PBXSourcesBuildPhase section */

/* Begin PBXVariantGroup section */
		BD4BDD281CD7F07B00C94FAF /* Main.storyboard */ = {
			isa = PBXVariantGroup;
			children = (
				BD4BDD291CD7F07B00C94FAF /* Base */,
			);
			name = Main.storyboard;
			sourceTree = "<group>";
		};
		BD4BDD301CD7F07B00C94FAF /* LaunchScreen.storyboard */ = {
			isa = PBXVariantGroup;
			children = (
				BD4BDD311CD7F07B00C94FAF /* Base */,
			);
			name = LaunchScreen.storyboard;
			sourceTree = "<group>";
		};
/* End PBXVariantGroup section */

/* Begin XCBuildConfiguration section */
		BD4BDD341CD7F07B00C94FAF /* Debug */ = {
			isa = XCBuildConfiguration;
			buildSettings = {
				ALWAYS_SEARCH_USER_PATHS = NO;
				CLANG_ANALYZER_NONNULL = YES;
				CLANG_CXX_LANGUAGE_STANDARD = "gnu++0x";
				CLANG_CXX_LIBRARY = "libc++";
				CLANG_ENABLE_MODULES = YES;
				CLANG_ENABLE_OBJC_ARC = YES;
				CLANG_WARN_BOOL_CONVERSION = YES;
				CLANG_WARN_CONSTANT_CONVERSION = YES;
				CLANG_WARN_DIRECT_OBJC_ISA_USAGE = YES_ERROR;
				CLANG_WARN_EMPTY_BODY = YES;
				CLANG_WARN_ENUM_CONVERSION = YES;
				CLANG_WARN_INT_CONVERSION = YES;
				CLANG_WARN_OBJC_ROOT_CLASS = YES_ERROR;
				CLANG_WARN_UNREACHABLE_CODE = YES;
				CLANG_WARN__DUPLICATE_METHOD_MATCH = YES;
				"CODE_SIGN_IDENTITY[sdk=iphoneos*]" = "iPhone Developer";
				COPY_PHASE_STRIP = NO;
				DEBUG_INFORMATION_FORMAT = dwarf;
				ENABLE_STRICT_OBJC_MSGSEND = YES;
				ENABLE_TESTABILITY = YES;
				GCC_C_LANGUAGE_STANDARD = gnu99;
				GCC_DYNAMIC_NO_PIC = NO;
				GCC_NO_COMMON_BLOCKS = YES;
				GCC_OPTIMIZATION_LEVEL = 0;
				GCC_PREPROCESSOR_DEFINITIONS = (
					"DEBUG=1",
					"$(inherited)",
				);
				GCC_WARN_64_TO_32_BIT_CONVERSION = YES;
				GCC_WARN_ABOUT_RETURN_TYPE = YES_ERROR;
				GCC_WARN_UNDECLARED_SELECTOR = YES;
				GCC_WARN_UNINITIALIZED_AUTOS = YES_AGGRESSIVE;
				GCC_WARN_UNUSED_FUNCTION = YES;
				GCC_WARN_UNUSED_VARIABLE = YES;
				IPHONEOS_DEPLOYMENT_TARGET = 9.3;
				MTL_ENABLE_DEBUG_INFO = YES;
				ONLY_ACTIVE_ARCH = YES;
				SDKROOT = iphoneos;
			};
			name = Debug;
		};
		BD4BDD351CD7F07B00C94FAF /* Release */ = {
			isa = XCBuildConfiguration;
			buildSettings = {
				ALWAYS_SEARCH_USER_PATHS = NO;
				CLANG_ANALYZER_NONNULL = YES;
				CLANG_CXX_LANGUAGE_STANDARD = "gnu++0x";
				CLANG_CXX_LIBRARY = "libc++";
				CLANG_ENABLE_MODULES = YES;
				CLANG_ENABLE_OBJC_ARC = YES;
				CLANG_WARN_BOOL_CONVERSION = YES;
				CLANG_WARN_CONSTANT_CONVERSION = YES;
				CLANG_WARN_DIRECT_OBJC_ISA_USAGE = YES_ERROR;
				CLANG_WARN_EMPTY_BODY = YES;
				CLANG_WARN_ENUM_CONVERSION = YES;
				CLANG_WARN_INT_CONVERSION = YES;
				CLANG_WARN_OBJC_ROOT_CLASS = YES_ERROR;
				CLANG_WARN_UNREACHABLE_CODE = YES;
				CLANG_WARN__DUPLICATE_METHOD_MATCH = YES;
				"CODE_SIGN_IDENTITY[sdk=iphoneos*]" = "iPhone Developer";
				COPY_PHASE_STRIP = NO;
				DEBUG_INFORMATION_FORMAT = "dwarf-with-dsym";
				ENABLE_NS_ASSERTIONS = NO;
				ENABLE_STRICT_OBJC_MSGSEND = YES;
				GCC_C_LANGUAGE_STANDARD = gnu99;
				GCC_NO_COMMON_BLOCKS = YES;
				GCC_WARN_64_TO_32_BIT_CONVERSION = YES;
				GCC_WARN_ABOUT_RETURN_TYPE = YES_ERROR;
				GCC_WARN_UNDECLARED_SELECTOR = YES;
				GCC_WARN_UNINITIALIZED_AUTOS = YES_AGGRESSIVE;
				GCC_WARN_UNUSED_FUNCTION = YES;
				GCC_WARN_UNUSED_VARIABLE = YES;
				IPHONEOS_DEPLOYMENT_TARGET = 9.3;
				MTL_ENABLE_DEBUG_INFO = NO;
				SDKROOT = iphoneos;
				VALIDATE_PRODUCT = YES;
			};
			name = Release;
		};
		BD4BDD371CD7F07B00C94FAF /* Debug */ = {
			isa = XCBuildConfiguration;
			baseConfigurationReference = 780DE16A37AEA60E75109A23 /* Pods-Suggestion.debug.xcconfig */;
			buildSettings = {
				ASSETCATALOG_COMPILER_APPICON_NAME = AppIcon;
				CLANG_ENABLE_MODULES = YES;
				CODE_SIGN_IDENTITY = "iPhone Developer";
				DEFINES_MODULE = NO;
				INFOPLIST_FILE = Suggestion/Info.plist;
				IPHONEOS_DEPLOYMENT_TARGET = 9.0;
				LD_RUNPATH_SEARCH_PATHS = "$(inherited) @executable_path/Frameworks";
				PRODUCT_BUNDLE_IDENTIFIER = com.jagonzalr.Suggestion;
				PRODUCT_NAME = "$(TARGET_NAME)";
				PROVISIONING_PROFILE = "";
				SWIFT_OBJC_BRIDGING_HEADER = "Suggestion/Suggestion-Bridging-Header.h";
				SWIFT_OPTIMIZATION_LEVEL = "-Onone";
			};
			name = Debug;
		};
		BD4BDD381CD7F07B00C94FAF /* Release */ = {
			isa = XCBuildConfiguration;
			baseConfigurationReference = 3AD8A8617104B3B0F569FA4E /* Pods-Suggestion.release.xcconfig */;
			buildSettings = {
				ASSETCATALOG_COMPILER_APPICON_NAME = AppIcon;
				CLANG_ENABLE_MODULES = YES;
				CODE_SIGN_IDENTITY = "iPhone Developer";
				DEFINES_MODULE = NO;
				INFOPLIST_FILE = Suggestion/Info.plist;
				IPHONEOS_DEPLOYMENT_TARGET = 9.0;
				LD_RUNPATH_SEARCH_PATHS = "$(inherited) @executable_path/Frameworks";
				PRODUCT_BUNDLE_IDENTIFIER = com.jagonzalr.Suggestion;
				PRODUCT_NAME = "$(TARGET_NAME)";
				PROVISIONING_PROFILE = "";
				SWIFT_OBJC_BRIDGING_HEADER = "Suggestion/Suggestion-Bridging-Header.h";
			};
			name = Release;
		};
/* End XCBuildConfiguration section */

/* Begin XCConfigurationList section */
		BD4BDD171CD7F07B00C94FAF /* Build configuration list for PBXProject "Suggestion" */ = {
			isa = XCConfigurationList;
			buildConfigurations = (
				BD4BDD341CD7F07B00C94FAF /* Debug */,
				BD4BDD351CD7F07B00C94FAF /* Release */,
			);
			defaultConfigurationIsVisible = 0;
			defaultConfigurationName = Release;
		};
		BD4BDD361CD7F07B00C94FAF /* Build configuration list for PBXNativeTarget "Suggestion" */ = {
			isa = XCConfigurationList;
			buildConfigurations = (
				BD4BDD371CD7F07B00C94FAF /* Debug */,
				BD4BDD381CD7F07B00C94FAF /* Release */,
			);
			defaultConfigurationIsVisible = 0;
			defaultConfigurationName = Release;
		};
/* End XCConfigurationList section */
	};
	rootObject = BD4BDD141CD7F07B00C94FAF /* Project object */;
}
